
Microsoft Visual Studio Solution File, Format Version 12.00
# Visual Studio Version 17
VisualStudioVersion = 17.4.33205.214
MinimumVisualStudioVersion = 10.0.40219.1
Project("{FAE04EC0-301F-11D3-BF4B-00C04F79EFBC}") = "Homework17", "Homework17\Homework17.csproj", "{8B790A57-0D0D-468A-8B73-3387C99CE852}"
EndProject
Global
	GlobalSection(SolutionConfigurationPlatforms) = preSolution
		Debug|Any CPU = Debug|Any CPU
		Release|Any CPU = Release|Any CPU
	EndGlobalSection
	GlobalSection(ProjectConfigurationPlatforms) = postSolution
		{8B790A57-0D0D-468A-8B73-3387C99CE852}.Debug|Any CPU.ActiveCfg = Debug|Any CPU
		{8B790A57-0D0D-468A-8B73-3387C99CE852}.Debug|Any CPU.Build.0 = Debug|Any CPU
		{8B790A57-0D0D-468A-8B73-3387C99CE852}.Release|Any CPU.ActiveCfg = Release|Any CPU
		{8B790A57-0D0D-468A-8B73-3387C99CE852}.Release|Any CPU.Build.0 = Release|Any CPU
	EndGlobalSection
	GlobalSection(SolutionProperties) = preSolution
		HideSolutionNode = FALSE
	EndGlobalSection
	GlobalSection(ExtensibilityGlobals) = postSolution
		SolutionGuid = {E475FD3E-65BD-40A2-AFB9-BB94BA7DA292}
	EndGlobalSection
EndGlobal
